
Microsoft Visual Studio Solution File, Format Version 12.00
# Visual Studio Version 17
VisualStudioVersion = 17.5.33627.172
MinimumVisualStudioVersion = 10.0.40219.1
Project("{FAE04EC0-301F-11D3-BF4B-00C04F79EFBC}") = "AppUI", "AppUI\AppUI.csproj", "{89A32676-16B5-4D4E-868F-ABB879E60BD4}"
EndProject
Project("{FAE04EC0-301F-11D3-BF4B-00C04F79EFBC}") = "AppLib", "AppLib\AppLib.csproj", "{AC67424A-BFA5-4577-B9E6-EDD7130CBF7C}"
EndProject
Global
	GlobalSection(SolutionConfigurationPlatforms) = preSolution
		Debug|Any CPU = Debug|Any CPU
		Release|Any CPU = Release|Any CPU
	EndGlobalSection
	GlobalSection(ProjectConfigurationPlatforms) = postSolution
		{89A32676-16B5-4D4E-868F-ABB879E60BD4}.Debug|Any CPU.ActiveCfg = Debug|Any CPU
		{89A32676-16B5-4D4E-868F-ABB879E60BD4}.Debug|Any CPU.Build.0 = Debug|Any CPU
		{89A32676-16B5-4D4E-868F-ABB879E60BD4}.Release|Any CPU.ActiveCfg = Release|Any CPU
		{89A32676-16B5-4D4E-868F-ABB879E60BD4}.Release|Any CPU.Build.0 = Release|Any CPU
		{AC67424A-BFA5-4577-B9E6-EDD7130CBF7C}.Debug|Any CPU.ActiveCfg = Debug|Any CPU
		{AC67424A-BFA5-4577-B9E6-EDD7130CBF7C}.Debug|Any CPU.Build.0 = Debug|Any CPU
		{AC67424A-BFA5-4577-B9E6-EDD7130CBF7C}.Release|Any CPU.ActiveCfg = Release|Any CPU
		{AC67424A-BFA5-4577-B9E6-EDD7130CBF7C}.Release|Any CPU.Build.0 = Release|Any CPU
	EndGlobalSection
	GlobalSection(SolutionProperties) = preSolution
		HideSolutionNode = FALSE
	EndGlobalSection
	GlobalSection(ExtensibilityGlobals) = postSolution
		SolutionGuid = {BB9E2939-DD32-49B8-B78D-170D58BEA06E}
	EndGlobalSection
EndGlobal
